// !$*UTF8*$!
{
	archiveVersion = 1;
	classes = {
	};
	objectVersion = 46;
	objects = {

/* Begin PBXBuildFile section */
		B654BDEE1B8E128600F701C7 /* EncounterBats.sks in Resources */ = {isa = PBXBuildFile; fileRef = B654BDED1B8E128600F701C7 /* EncounterBats.sks */; };
		B654BDF01B8E147700F701C7 /* EncounterManager.swift in Sources */ = {isa = PBXBuildFile; fileRef = B654BDEF1B8E147700F701C7 /* EncounterManager.swift */; };
		B654BDF21B8E1A9F00F701C7 /* EncounterBees.sks in Resources */ = {isa = PBXBuildFile; fileRef = B654BDF11B8E1A9F00F701C7 /* EncounterBees.sks */; };
		B654BDF41B8E1AAD00F701C7 /* EncounterCoins.sks in Resources */ = {isa = PBXBuildFile; fileRef = B654BDF31B8E1AAD00F701C7 /* EncounterCoins.sks */; };
		B694F1C81B8D6E610073450B /* goods.atlas in Resources */ = {isa = PBXBuildFile; fileRef = B694F1C71B8D6E610073450B /* goods.atlas */; };
		B694F1CA1B8D6E8C0073450B /* Star.swift in Sources */ = {isa = PBXBuildFile; fileRef = B694F1C91B8D6E8C0073450B /* Star.swift */; };
		B694F1CC1B8D71ED0073450B /* enemies.atlas in Resources */ = {isa = PBXBuildFile; fileRef = B694F1CB1B8D71ED0073450B /* enemies.atlas */; };
		B694F1CE1B8D725E0073450B /* MadFly.swift in Sources */ = {isa = PBXBuildFile; fileRef = B694F1CD1B8D725E0073450B /* MadFly.swift */; };
		B694F1D01B8D738F0073450B /* Bat.swift in Sources */ = {isa = PBXBuildFile; fileRef = B694F1CF1B8D738F0073450B /* Bat.swift */; };
		B694F1D21B8D744B0073450B /* Ghost.swift in Sources */ = {isa = PBXBuildFile; fileRef = B694F1D11B8D744B0073450B /* Ghost.swift */; };
		B694F1D41B8D76EA0073450B /* Blade.swift in Sources */ = {isa = PBXBuildFile; fileRef = B694F1D31B8D76EA0073450B /* Blade.swift */; };
		B694F1D61B8D787A0073450B /* Coin.swift in Sources */ = {isa = PBXBuildFile; fileRef = B694F1D51B8D787A0073450B /* Coin.swift */; };
		F24C24911B87F03200994135 /* bee.atlas in Resources */ = {isa = PBXBuildFile; fileRef = F24C24901B87F03200994135 /* bee.atlas */; };
		F24C24931B87F67000994135 /* GameSprite.swift in Sources */ = {isa = PBXBuildFile; fileRef = F24C24921B87F67000994135 /* GameSprite.swift */; };
		F24C24951B87F71900994135 /* Bee.swift in Sources */ = {isa = PBXBuildFile; fileRef = F24C24941B87F71900994135 /* Bee.swift */; };
		F24C24981B87FA0D00994135 /* ground.atlas in Resources */ = {isa = PBXBuildFile; fileRef = F24C24971B87FA0D00994135 /* ground.atlas */; };
		F24C249A1B87FA5C00994135 /* Ground.swift in Sources */ = {isa = PBXBuildFile; fileRef = F24C24991B87FA5C00994135 /* Ground.swift */; };
		F24C249C1B87FE0B00994135 /* pierre.atlas in Resources */ = {isa = PBXBuildFile; fileRef = F24C249B1B87FE0B00994135 /* pierre.atlas */; };
		F24C249F1B87FE3600994135 /* Player.swift in Sources */ = {isa = PBXBuildFile; fileRef = F24C249E1B87FE3600994135 /* Player.swift */; };
		F2F5C7621B8624490010FA65 /* AppDelegate.swift in Sources */ = {isa = PBXBuildFile; fileRef = F2F5C7611B8624490010FA65 /* AppDelegate.swift */; };
		F2F5C7661B8624490010FA65 /* GameScene.swift in Sources */ = {isa = PBXBuildFile; fileRef = F2F5C7651B8624490010FA65 /* GameScene.swift */; };
		F2F5C7681B8624490010FA65 /* GameViewController.swift in Sources */ = {isa = PBXBuildFile; fileRef = F2F5C7671B8624490010FA65 /* GameViewController.swift */; };
		F2F5C76B1B8624490010FA65 /* Main.storyboard in Resources */ = {isa = PBXBuildFile; fileRef = F2F5C7691B8624490010FA65 /* Main.storyboard */; };
		F2F5C76D1B8624490010FA65 /* Images.xcassets in Resources */ = {isa = PBXBuildFile; fileRef = F2F5C76C1B8624490010FA65 /* Images.xcassets */; };
		F2F5C7701B8624490010FA65 /* LaunchScreen.xib in Resources */ = {isa = PBXBuildFile; fileRef = F2F5C76E1B8624490010FA65 /* LaunchScreen.xib */; };
		F2F5C77C1B8624490010FA65 /* EscapeTests.swift in Sources */ = {isa = PBXBuildFile; fileRef = F2F5C77B1B8624490010FA65 /* EscapeTests.swift */; };
/* End PBXBuildFile section */

/* Begin PBXContainerItemProxy section */
		F2F5C7761B8624490010FA65 /* PBXContainerItemProxy */ = {
			isa = PBXContainerItemProxy;
			containerPortal = F2F5C7541B8624480010FA65 /* Project object */;
			proxyType = 1;
			remoteGlobalIDString = F2F5C75B1B8624480010FA65;
			remoteInfo = Escape;
		};
/* End PBXContainerItemProxy section */

/* Begin PBXFileReference section */
		B654BDED1B8E128600F701C7 /* EncounterBats.sks */ = {isa = PBXFileReference; lastKnownFileType = file.sks; path = EncounterBats.sks; sourceTree = "<group>"; };
		B654BDEF1B8E147700F701C7 /* EncounterManager.swift */ = {isa = PBXFileReference; fileEncoding = 4; lastKnownFileType = sourcecode.swift; path = EncounterManager.swift; sourceTree = "<group>"; };
		B654BDF11B8E1A9F00F701C7 /* EncounterBees.sks */ = {isa = PBXFileReference; lastKnownFileType = file.sks; path = EncounterBees.sks; sourceTree = "<group>"; };
		B654BDF31B8E1AAD00F701C7 /* EncounterCoins.sks */ = {isa = PBXFileReference; lastKnownFileType = file.sks; path = EncounterCoins.sks; sourceTree = "<group>"; };
		B694F1C71B8D6E610073450B /* goods.atlas */ = {isa = PBXFileReference; lastKnownFileType = folder.skatlas; path = goods.atlas; sourceTree = "<group>"; };
		B694F1C91B8D6E8C0073450B /* Star.swift */ = {isa = PBXFileReference; fileEncoding = 4; lastKnownFileType = sourcecode.swift; path = Star.swift; sourceTree = "<group>"; };
		B694F1CB1B8D71ED0073450B /* enemies.atlas */ = {isa = PBXFileReference; lastKnownFileType = folder.skatlas; path = enemies.atlas; sourceTree = "<group>"; };
		B694F1CD1B8D725E0073450B /* MadFly.swift */ = {isa = PBXFileReference; fileEncoding = 4; lastKnownFileType = sourcecode.swift; path = MadFly.swift; sourceTree = "<group>"; };
		B694F1CF1B8D738F0073450B /* Bat.swift */ = {isa = PBXFileReference; fileEncoding = 4; lastKnownFileType = sourcecode.swift; path = Bat.swift; sourceTree = "<group>"; };
		B694F1D11B8D744B0073450B /* Ghost.swift */ = {isa = PBXFileReference; fileEncoding = 4; lastKnownFileType = sourcecode.swift; path = Ghost.swift; sourceTree = "<group>"; };
		B694F1D31B8D76EA0073450B /* Blade.swift */ = {isa = PBXFileReference; fileEncoding = 4; lastKnownFileType = sourcecode.swift; path = Blade.swift; sourceTree = "<group>"; };
		B694F1D51B8D787A0073450B /* Coin.swift */ = {isa = PBXFileReference; fileEncoding = 4; lastKnownFileType = sourcecode.swift; path = Coin.swift; sourceTree = "<group>"; };
		F24C24901B87F03200994135 /* bee.atlas */ = {isa = PBXFileReference; lastKnownFileType = folder.skatlas; path = bee.atlas; sourceTree = "<group>"; };
		F24C24921B87F67000994135 /* GameSprite.swift */ = {isa = PBXFileReference; fileEncoding = 4; lastKnownFileType = sourcecode.swift; path = GameSprite.swift; sourceTree = "<group>"; };
		F24C24941B87F71900994135 /* Bee.swift */ = {isa = PBXFileReference; fileEncoding = 4; lastKnownFileType = sourcecode.swift; path = Bee.swift; sourceTree = "<group>"; };
		F24C24971B87FA0D00994135 /* ground.atlas */ = {isa = PBXFileReference; lastKnownFileType = folder.skatlas; path = ground.atlas; sourceTree = "<group>"; };
		F24C24991B87FA5C00994135 /* Ground.swift */ = {isa = PBXFileReference; fileEncoding = 4; lastKnownFileType = sourcecode.swift; path = Ground.swift; sourceTree = "<group>"; };
		F24C249B1B87FE0B00994135 /* pierre.atlas */ = {isa = PBXFileReference; lastKnownFileType = folder.skatlas; path = pierre.atlas; sourceTree = "<group>"; };
		F24C249E1B87FE3600994135 /* Player.swift */ = {isa = PBXFileReference; fileEncoding = 4; lastKnownFileType = sourcecode.swift; path = Player.swift; sourceTree = "<group>"; };
		F2F5C75C1B8624480010FA65 /* Escape.app */ = {isa = PBXFileReference; explicitFileType = wrapper.application; includeInIndex = 0; path = Escape.app; sourceTree = BUILT_PRODUCTS_DIR; };
		F2F5C7601B8624480010FA65 /* Info.plist */ = {isa = PBXFileReference; lastKnownFileType = text.plist.xml; path = Info.plist; sourceTree = "<group>"; };
		F2F5C7611B8624490010FA65 /* AppDelegate.swift */ = {isa = PBXFileReference; lastKnownFileType = sourcecode.swift; path = AppDelegate.swift; sourceTree = "<group>"; };
		F2F5C7651B8624490010FA65 /* GameScene.swift */ = {isa = PBXFileReference; lastKnownFileType = sourcecode.swift; path = GameScene.swift; sourceTree = "<group>"; };
		F2F5C7671B8624490010FA65 /* GameViewController.swift */ = {isa = PBXFileReference; lastKnownFileType = sourcecode.swift; path = GameViewController.swift; sourceTree = "<group>"; };
		F2F5C76A1B8624490010FA65 /* Base */ = {isa = PBXFileReference; lastKnownFileType = file.storyboard; name = Base; path = Base.lproj/Main.storyboard; sourceTree = "<group>"; };
		F2F5C76C1B8624490010FA65 /* Images.xcassets */ = {isa = PBXFileReference; lastKnownFileType = folder.assetcatalog; path = Images.xcassets; sourceTree = "<group>"; };
		F2F5C76F1B8624490010FA65 /* Base */ = {isa = PBXFileReference; lastKnownFileType = file.xib; name = Base; path = Base.lproj/LaunchScreen.xib; sourceTree = "<group>"; };
		F2F5C7751B8624490010FA65 /* EscapeTests.xctest */ = {isa = PBXFileReference; explicitFileType = wrapper.cfbundle; includeInIndex = 0; path = EscapeTests.xctest; sourceTree = BUILT_PRODUCTS_DIR; };
		F2F5C77A1B8624490010FA65 /* Info.plist */ = {isa = PBXFileReference; lastKnownFileType = text.plist.xml; path = Info.plist; sourceTree = "<group>"; };
		F2F5C77B1B8624490010FA65 /* EscapeTests.swift */ = {isa = PBXFileReference; lastKnownFileType = sourcecode.swift; path = EscapeTests.swift; sourceTree = "<group>"; };
/* End PBXFileReference section */

/* Begin PBXFrameworksBuildPhase section */
		F2F5C7591B8624480010FA65 /* Frameworks */ = {
			isa = PBXFrameworksBuildPhase;
			buildActionMask = 2147483647;
			files = (
			);
			runOnlyForDeploymentPostprocessing = 0;
		};
		F2F5C7721B8624490010FA65 /* Frameworks */ = {
			isa = PBXFrameworksBuildPhase;
			buildActionMask = 2147483647;
			files = (
			);
			runOnlyForDeploymentPostprocessing = 0;
		};
/* End PBXFrameworksBuildPhase section */

/* Begin PBXGroup section */
		B654BDEC1B8E126900F701C7 /* Encounters */ = {
			isa = PBXGroup;
			children = (
				B654BDED1B8E128600F701C7 /* EncounterBats.sks */,
				B654BDF11B8E1A9F00F701C7 /* EncounterBees.sks */,
				B654BDF31B8E1AAD00F701C7 /* EncounterCoins.sks */,
			);
			name = Encounters;
			sourceTree = "<group>";
		};
		F24C248F1B87D42400994135 /* Assets */ = {
			isa = PBXGroup;
			children = (
				B694F1CB1B8D71ED0073450B /* enemies.atlas */,
				B694F1C71B8D6E610073450B /* goods.atlas */,
				F24C249B1B87FE0B00994135 /* pierre.atlas */,
				F24C24971B87FA0D00994135 /* ground.atlas */,
				F2F5C76C1B8624490010FA65 /* Images.xcassets */,
				F24C24901B87F03200994135 /* bee.atlas */,
			);
			name = Assets;
			sourceTree = "<group>";
		};
		F24C24961B87F8FF00994135 /* Protocols */ = {
			isa = PBXGroup;
			children = (
				F24C24921B87F67000994135 /* GameSprite.swift */,
			);
			name = Protocols;
			sourceTree = "<group>";
		};
		F24C249D1B87FE1800994135 /* Models */ = {
			isa = PBXGroup;
			children = (
				F24C24941B87F71900994135 /* Bee.swift */,
				F24C24991B87FA5C00994135 /* Ground.swift */,
				F24C249E1B87FE3600994135 /* Player.swift */,
				B694F1C91B8D6E8C0073450B /* Star.swift */,
				B694F1CD1B8D725E0073450B /* MadFly.swift */,
				B694F1CF1B8D738F0073450B /* Bat.swift */,
				B694F1D11B8D744B0073450B /* Ghost.swift */,
				B694F1D31B8D76EA0073450B /* Blade.swift */,
				B694F1D51B8D787A0073450B /* Coin.swift */,
			);
			name = Models;
			sourceTree = "<group>";
		};
		F2F5C7531B8624480010FA65 = {
			isa = PBXGroup;
			children = (
				F2F5C75E1B8624480010FA65 /* Escape */,
				F2F5C7781B8624490010FA65 /* EscapeTests */,
				F2F5C75D1B8624480010FA65 /* Products */,
			);
			sourceTree = "<group>";
		};
		F2F5C75D1B8624480010FA65 /* Products */ = {
			isa = PBXGroup;
			children = (
				F2F5C75C1B8624480010FA65 /* Escape.app */,
				F2F5C7751B8624490010FA65 /* EscapeTests.xctest */,
			);
			name = Products;
			sourceTree = "<group>";
		};
		F2F5C75E1B8624480010FA65 /* Escape */ = {
			isa = PBXGroup;
			children = (
				B654BDEC1B8E126900F701C7 /* Encounters */,
				F24C249D1B87FE1800994135 /* Models */,
				F24C24961B87F8FF00994135 /* Protocols */,
				F24C248F1B87D42400994135 /* Assets */,
				F2F5C7611B8624490010FA65 /* AppDelegate.swift */,
				F2F5C7651B8624490010FA65 /* GameScene.swift */,
				F2F5C7671B8624490010FA65 /* GameViewController.swift */,
				B654BDEF1B8E147700F701C7 /* EncounterManager.swift */,
				F2F5C75F1B8624480010FA65 /* Supporting Files */,
			);
			path = Escape;
			sourceTree = "<group>";
		};
		F2F5C75F1B8624480010FA65 /* Supporting Files */ = {
			isa = PBXGroup;
			children = (
				F2F5C76E1B8624490010FA65 /* LaunchScreen.xib */,
				F2F5C7691B8624490010FA65 /* Main.storyboard */,
				F2F5C7601B8624480010FA65 /* Info.plist */,
			);
			name = "Supporting Files";
			sourceTree = "<group>";
		};
		F2F5C7781B8624490010FA65 /* EscapeTests */ = {
			isa = PBXGroup;
			children = (
				F2F5C77B1B8624490010FA65 /* EscapeTests.swift */,
				F2F5C7791B8624490010FA65 /* Supporting Files */,
			);
			path = EscapeTests;
			sourceTree = "<group>";
		};
		F2F5C7791B8624490010FA65 /* Supporting Files */ = {
			isa = PBXGroup;
			children = (
				F2F5C77A1B8624490010FA65 /* Info.plist */,
			);
			name = "Supporting Files";
			sourceTree = "<group>";
		};
/* End PBXGroup section */

/* Begin PBXNativeTarget section */
		F2F5C75B1B8624480010FA65 /* Escape */ = {
			isa = PBXNativeTarget;
			buildConfigurationList = F2F5C77F1B8624490010FA65 /* Build configuration list for PBXNativeTarget "Escape" */;
			buildPhases = (
				F2F5C7581B8624480010FA65 /* Sources */,
				F2F5C7591B8624480010FA65 /* Frameworks */,
				F2F5C75A1B8624480010FA65 /* Resources */,
			);
			buildRules = (
			);
			dependencies = (
			);
			name = Escape;
			productName = Escape;
			productReference = F2F5C75C1B8624480010FA65 /* Escape.app */;
			productType = "com.apple.product-type.application";
		};
		F2F5C7741B8624490010FA65 /* EscapeTests */ = {
			isa = PBXNativeTarget;
			buildConfigurationList = F2F5C7821B8624490010FA65 /* Build configuration list for PBXNativeTarget "EscapeTests" */;
			buildPhases = (
				F2F5C7711B8624490010FA65 /* Sources */,
				F2F5C7721B8624490010FA65 /* Frameworks */,
				F2F5C7731B8624490010FA65 /* Resources */,
			);
			buildRules = (
			);
			dependencies = (
				F2F5C7771B8624490010FA65 /* PBXTargetDependency */,
			);
			name = EscapeTests;
			productName = EscapeTests;
			productReference = F2F5C7751B8624490010FA65 /* EscapeTests.xctest */;
			productType = "com.apple.product-type.bundle.unit-test";
		};
/* End PBXNativeTarget section */

/* Begin PBXProject section */
		F2F5C7541B8624480010FA65 /* Project object */ = {
			isa = PBXProject;
			attributes = {
				LastUpgradeCheck = 0640;
				ORGANIZATIONNAME = "Bj Ray";
				TargetAttributes = {
					F2F5C75B1B8624480010FA65 = {
						CreatedOnToolsVersion = 6.4;
					};
					F2F5C7741B8624490010FA65 = {
						CreatedOnToolsVersion = 6.4;
						TestTargetID = F2F5C75B1B8624480010FA65;
					};
				};
			};
			buildConfigurationList = F2F5C7571B8624480010FA65 /* Build configuration list for PBXProject "Escape" */;
			compatibilityVersion = "Xcode 3.2";
			developmentRegion = English;
			hasScannedForEncodings = 0;
			knownRegions = (
				en,
				Base,
			);
			mainGroup = F2F5C7531B8624480010FA65;
			productRefGroup = F2F5C75D1B8624480010FA65 /* Products */;
			projectDirPath = "";
			projectRoot = "";
			targets = (
				F2F5C75B1B8624480010FA65 /* Escape */,
				F2F5C7741B8624490010FA65 /* EscapeTests */,
			);
		};
/* End PBXProject section */

/* Begin PBXResourcesBuildPhase section */
		F2F5C75A1B8624480010FA65 /* Resources */ = {
			isa = PBXResourcesBuildPhase;
			buildActionMask = 2147483647;
			files = (
				F24C24911B87F03200994135 /* bee.atlas in Resources */,
				F2F5C7701B8624490010FA65 /* LaunchScreen.xib in Resources */,
				F2F5C76D1B8624490010FA65 /* Images.xcassets in Resources */,
				F2F5C76B1B8624490010FA65 /* Main.storyboard in Resources */,
				B654BDEE1B8E128600F701C7 /* EncounterBats.sks in Resources */,
				F24C249C1B87FE0B00994135 /* pierre.atlas in Resources */,
				F24C24981B87FA0D00994135 /* ground.atlas in Resources */,
				B694F1CC1B8D71ED0073450B /* enemies.atlas in Resources */,
				B654BDF21B8E1A9F00F701C7 /* EncounterBees.sks in Resources */,
				B654BDF41B8E1AAD00F701C7 /* EncounterCoins.sks in Resources */,
				B694F1C81B8D6E610073450B /* goods.atlas in Resources */,
			);
			runOnlyForDeploymentPostprocessing = 0;
		};
		F2F5C7731B8624490010FA65 /* Resources */ = {
			isa = PBXResourcesBuildPhase;
			buildActionMask = 2147483647;
			files = (
			);
			runOnlyForDeploymentPostprocessing = 0;
		};
/* End PBXResourcesBuildPhase section */

/* Begin PBXSourcesBuildPhase section */
		F2F5C7581B8624480010FA65 /* Sources */ = {
			isa = PBXSourcesBuildPhase;
			buildActionMask = 2147483647;
			files = (
				F24C249A1B87FA5C00994135 /* Ground.swift in Sources */,
				B654BDF01B8E147700F701C7 /* EncounterManager.swift in Sources */,
				F24C24951B87F71900994135 /* Bee.swift in Sources */,
				B694F1D41B8D76EA0073450B /* Blade.swift in Sources */,
				F24C24931B87F67000994135 /* GameSprite.swift in Sources */,
				F2F5C7661B8624490010FA65 /* GameScene.swift in Sources */,
				B694F1D21B8D744B0073450B /* Ghost.swift in Sources */,
				F24C249F1B87FE3600994135 /* Player.swift in Sources */,
				B694F1D01B8D738F0073450B /* Bat.swift in Sources */,
				B694F1D61B8D787A0073450B /* Coin.swift in Sources */,
				F2F5C7681B8624490010FA65 /* GameViewController.swift in Sources */,
				F2F5C7621B8624490010FA65 /* AppDelegate.swift in Sources */,
				B694F1CE1B8D725E0073450B /* MadFly.swift in Sources */,
				B694F1CA1B8D6E8C0073450B /* Star.swift in Sources */,
			);
			runOnlyForDeploymentPostprocessing = 0;
		};
		F2F5C7711B8624490010FA65 /* Sources */ = {
			isa = PBXSourcesBuildPhase;
			buildActionMask = 2147483647;
			files = (
				F2F5C77C1B8624490010FA65 /* EscapeTests.swift in Sources */,
			);
			runOnlyForDeploymentPostprocessing = 0;
		};
/* End PBXSourcesBuildPhase section */

/* Begin PBXTargetDependency section */
		F2F5C7771B8624490010FA65 /* PBXTargetDependency */ = {
			isa = PBXTargetDependency;
			target = F2F5C75B1B8624480010FA65 /* Escape */;
			targetProxy = F2F5C7761B8624490010FA65 /* PBXContainerItemProxy */;
		};
/* End PBXTargetDependency section */

/* Begin PBXVariantGroup section */
		F2F5C7691B8624490010FA65 /* Main.storyboard */ = {
			isa = PBXVariantGroup;
			children = (
				F2F5C76A1B8624490010FA65 /* Base */,
			);
			name = Main.storyboard;
			sourceTree = "<group>";
		};
		F2F5C76E1B8624490010FA65 /* LaunchScreen.xib */ = {
			isa = PBXVariantGroup;
			children = (
				F2F5C76F1B8624490010FA65 /* Base */,
			);
			name = LaunchScreen.xib;
			sourceTree = "<group>";
		};
/* End PBXVariantGroup section */

/* Begin XCBuildConfiguration section */
		F2F5C77D1B8624490010FA65 /* Debug */ = {
			isa = XCBuildConfiguration;
			buildSettings = {
				ALWAYS_SEARCH_USER_PATHS = NO;
				CLANG_CXX_LANGUAGE_STANDARD = "gnu++0x";
				CLANG_CXX_LIBRARY = "libc++";
				CLANG_ENABLE_MODULES = YES;
				CLANG_ENABLE_OBJC_ARC = YES;
				CLANG_WARN_BOOL_CONVERSION = YES;
				CLANG_WARN_CONSTANT_CONVERSION = YES;
				CLANG_WARN_DIRECT_OBJC_ISA_USAGE = YES_ERROR;
				CLANG_WARN_EMPTY_BODY = YES;
				CLANG_WARN_ENUM_CONVERSION = YES;
				CLANG_WARN_INT_CONVERSION = YES;
				CLANG_WARN_OBJC_ROOT_CLASS = YES_ERROR;
				CLANG_WARN_UNREACHABLE_CODE = YES;
				CLANG_WARN__DUPLICATE_METHOD_MATCH = YES;
				"CODE_SIGN_IDENTITY[sdk=iphoneos*]" = "iPhone Developer";
				COPY_PHASE_STRIP = NO;
				DEBUG_INFORMATION_FORMAT = "dwarf-with-dsym";
				ENABLE_STRICT_OBJC_MSGSEND = YES;
				GCC_C_LANGUAGE_STANDARD = gnu99;
				GCC_DYNAMIC_NO_PIC = NO;
				GCC_NO_COMMON_BLOCKS = YES;
				GCC_OPTIMIZATION_LEVEL = 0;
				GCC_PREPROCESSOR_DEFINITIONS = (
					"DEBUG=1",
					"$(inherited)",
				);
				GCC_SYMBOLS_PRIVATE_EXTERN = NO;
				GCC_WARN_64_TO_32_BIT_CONVERSION = YES;
				GCC_WARN_ABOUT_RETURN_TYPE = YES_ERROR;
				GCC_WARN_UNDECLARED_SELECTOR = YES;
				GCC_WARN_UNINITIALIZED_AUTOS = YES_AGGRESSIVE;
				GCC_WARN_UNUSED_FUNCTION = YES;
				GCC_WARN_UNUSED_VARIABLE = YES;
				IPHONEOS_DEPLOYMENT_TARGET = 8.4;
				MTL_ENABLE_DEBUG_INFO = YES;
				ONLY_ACTIVE_ARCH = YES;
				SDKROOT = iphoneos;
				SWIFT_OPTIMIZATION_LEVEL = "-Onone";
				TARGETED_DEVICE_FAMILY = "1,2";
			};
			name = Debug;
		};
		F2F5C77E1B8624490010FA65 /* Release */ = {
			isa = XCBuildConfiguration;
			buildSettings = {
				ALWAYS_SEARCH_USER_PATHS = NO;
				CLANG_CXX_LANGUAGE_STANDARD = "gnu++0x";
				CLANG_CXX_LIBRARY = "libc++";
				CLANG_ENABLE_MODULES = YES;
				CLANG_ENABLE_OBJC_ARC = YES;
				CLANG_WARN_BOOL_CONVERSION = YES;
				CLANG_WARN_CONSTANT_CONVERSION = YES;
				CLANG_WARN_DIRECT_OBJC_ISA_USAGE = YES_ERROR;
				CLANG_WARN_EMPTY_BODY = YES;
				CLANG_WARN_ENUM_CONVERSION = YES;
				CLANG_WARN_INT_CONVERSION = YES;
				CLANG_WARN_OBJC_ROOT_CLASS = YES_ERROR;
				CLANG_WARN_UNREACHABLE_CODE = YES;
				CLANG_WARN__DUPLICATE_METHOD_MATCH = YES;
				"CODE_SIGN_IDENTITY[sdk=iphoneos*]" = "iPhone Developer";
				COPY_PHASE_STRIP = NO;
				DEBUG_INFORMATION_FORMAT = "dwarf-with-dsym";
				ENABLE_NS_ASSERTIONS = NO;
				ENABLE_STRICT_OBJC_MSGSEND = YES;
				GCC_C_LANGUAGE_STANDARD = gnu99;
				GCC_NO_COMMON_BLOCKS = YES;
				GCC_WARN_64_TO_32_BIT_CONVERSION = YES;
				GCC_WARN_ABOUT_RETURN_TYPE = YES_ERROR;
				GCC_WARN_UNDECLARED_SELECTOR = YES;
				GCC_WARN_UNINITIALIZED_AUTOS = YES_AGGRESSIVE;
				GCC_WARN_UNUSED_FUNCTION = YES;
				GCC_WARN_UNUSED_VARIABLE = YES;
				IPHONEOS_DEPLOYMENT_TARGET = 8.4;
				MTL_ENABLE_DEBUG_INFO = NO;
				SDKROOT = iphoneos;
				TARGETED_DEVICE_FAMILY = "1,2";
				VALIDATE_PRODUCT = YES;
			};
			name = Release;
		};
		F2F5C7801B8624490010FA65 /* Debug */ = {
			isa = XCBuildConfiguration;
			buildSettings = {
				ASSETCATALOG_COMPILER_APPICON_NAME = AppIcon;
				INFOPLIST_FILE = Escape/Info.plist;
				LD_RUNPATH_SEARCH_PATHS = "$(inherited) @executable_path/Frameworks";
				PRODUCT_NAME = "$(TARGET_NAME)";
			};
			name = Debug;
		};
		F2F5C7811B8624490010FA65 /* Release */ = {
			isa = XCBuildConfiguration;
			buildSettings = {
				ASSETCATALOG_COMPILER_APPICON_NAME = AppIcon;
				INFOPLIST_FILE = Escape/Info.plist;
				LD_RUNPATH_SEARCH_PATHS = "$(inherited) @executable_path/Frameworks";
				PRODUCT_NAME = "$(TARGET_NAME)";
			};
			name = Release;
		};
		F2F5C7831B8624490010FA65 /* Debug */ = {
			isa = XCBuildConfiguration;
			buildSettings = {
				BUNDLE_LOADER = "$(TEST_HOST)";
				FRAMEWORK_SEARCH_PATHS = (
					"$(SDKROOT)/Developer/Library/Frameworks",
					"$(inherited)",
				);
				GCC_PREPROCESSOR_DEFINITIONS = (
					"DEBUG=1",
					"$(inherited)",
				);
				INFOPLIST_FILE = EscapeTests/Info.plist;
				LD_RUNPATH_SEARCH_PATHS = "$(inherited) @executable_path/Frameworks @loader_path/Frameworks";
				PRODUCT_NAME = "$(TARGET_NAME)";
				TEST_HOST = "$(BUILT_PRODUCTS_DIR)/Escape.app/Escape";
			};
			name = Debug;
		};
		F2F5C7841B8624490010FA65 /* Release */ = {
			isa = XCBuildConfiguration;
			buildSettings = {
				BUNDLE_LOADER = "$(TEST_HOST)";
				FRAMEWORK_SEARCH_PATHS = (
					"$(SDKROOT)/Developer/Library/Frameworks",
					"$(inherited)",
				);
				INFOPLIST_FILE = EscapeTests/Info.plist;
				LD_RUNPATH_SEARCH_PATHS = "$(inherited) @executable_path/Frameworks @loader_path/Frameworks";
				PRODUCT_NAME = "$(TARGET_NAME)";
				TEST_HOST = "$(BUILT_PRODUCTS_DIR)/Escape.app/Escape";
			};
			name = Release;
		};
/* End XCBuildConfiguration section */

/* Begin XCConfigurationList section */
		F2F5C7571B8624480010FA65 /* Build configuration list for PBXProject "Escape" */ = {
			isa = XCConfigurationList;
			buildConfigurations = (
				F2F5C77D1B8624490010FA65 /* Debug */,
				F2F5C77E1B8624490010FA65 /* Release */,
			);
			defaultConfigurationIsVisible = 0;
			defaultConfigurationName = Release;
		};
		F2F5C77F1B8624490010FA65 /* Build configuration list for PBXNativeTarget "Escape" */ = {
			isa = XCConfigurationList;
			buildConfigurations = (
				F2F5C7801B8624490010FA65 /* Debug */,
				F2F5C7811B8624490010FA65 /* Release */,
			);
			defaultConfigurationIsVisible = 0;
			defaultConfigurationName = Release;
		};
		F2F5C7821B8624490010FA65 /* Build configuration list for PBXNativeTarget "EscapeTests" */ = {
			isa = XCConfigurationList;
			buildConfigurations = (
				F2F5C7831B8624490010FA65 /* Debug */,
				F2F5C7841B8624490010FA65 /* Release */,
			);
			defaultConfigurationIsVisible = 0;
			defaultConfigurationName = Release;
		};
/* End XCConfigurationList section */
	};
	rootObject = F2F5C7541B8624480010FA65 /* Project object */;
}
